
Microsoft Visual Studio Solution File, Format Version 12.00
# Visual Studio Version 17
VisualStudioVersion = 17.0.31903.59
MinimumVisualStudioVersion = 10.0.40219.1
Project("{2150E333-8FDC-42A3-9474-1A3956D46DE8}") = "server", "server", "{6BDC15B3-259B-4647-BA6B-48F5A5ADEBC9}"
EndProject
Project("{FAE04EC0-301F-11D3-BF4B-00C04F79EFBC}") = "Merestock.Server", "server\Merestock.Server\Merestock.Server.csproj", "{174C4170-6CA0-4E34-BCEE-FDCBC337B930}"
EndProject
Global
	GlobalSection(SolutionConfigurationPlatforms) = preSolution
		Debug|Any CPU = Debug|Any CPU
		Release|Any CPU = Release|Any CPU
	EndGlobalSection
	GlobalSection(SolutionProperties) = preSolution
		HideSolutionNode = FALSE
	EndGlobalSection
	GlobalSection(ProjectConfigurationPlatforms) = postSolution
		{174C4170-6CA0-4E34-BCEE-FDCBC337B930}.Debug|Any CPU.ActiveCfg = Debug|Any CPU
		{174C4170-6CA0-4E34-BCEE-FDCBC337B930}.Debug|Any CPU.Build.0 = Debug|Any CPU
		{174C4170-6CA0-4E34-BCEE-FDCBC337B930}.Release|Any CPU.ActiveCfg = Release|Any CPU
		{174C4170-6CA0-4E34-BCEE-FDCBC337B930}.Release|Any CPU.Build.0 = Release|Any CPU
	EndGlobalSection
	GlobalSection(NestedProjects) = preSolution
		{174C4170-6CA0-4E34-BCEE-FDCBC337B930} = {6BDC15B3-259B-4647-BA6B-48F5A5ADEBC9}
	EndGlobalSection
EndGlobal
